
Microsoft Visual Studio Solution File, Format Version 12.00
# Visual Studio Version 16
VisualStudioVersion = 16.0.29519.87
MinimumVisualStudioVersion = 10.0.40219.1
Project("{FAE04EC0-301F-11D3-BF4B-00C04F79EFBC}") = "DilotiXamarin.UWP", "DilotiXamarin.UWP\DilotiXamarin.UWP.csproj", "{D06F12D2-23CE-4491-931B-FEA18299CA8E}"
EndProject
Project("{FAE04EC0-301F-11D3-BF4B-00C04F79EFBC}") = "DilotiXamarin.Android", "DilotiXamarin.Android\DilotiXamarin.Android.csproj", "{54B14159-9935-419B-9FBF-1CE5BDAF545F}"
EndProject
Project("{FAE04EC0-301F-11D3-BF4B-00C04F79EFBC}") = "DilotiXamarin.iOS", "DilotiXamarin.iOS\DilotiXamarin.iOS.csproj", "{2EB76EFC-5173-4906-A50B-1206BF3B2D73}"
EndProject
Project("{FAE04EC0-301F-11D3-BF4B-00C04F79EFBC}") = "DilotiXamarin", "DilotiXamarin\DilotiXamarin.csproj", "{26D46159-59E8-4A67-9A9E-8B61B61D2350}"
EndProject
Global
	GlobalSection(SolutionConfigurationPlatforms) = preSolution
		Debug|Any CPU = Debug|Any CPU
		Debug|ARM = Debug|ARM
		Debug|iPhone = Debug|iPhone
		Debug|iPhoneSimulator = Debug|iPhoneSimulator
		Debug|x64 = Debug|x64
		Debug|x86 = Debug|x86
		Release|Any CPU = Release|Any CPU
		Release|ARM = Release|ARM
		Release|iPhone = Release|iPhone
		Release|iPhoneSimulator = Release|iPhoneSimulator
		Release|x64 = Release|x64
		Release|x86 = Release|x86
	EndGlobalSection
	GlobalSection(ProjectConfigurationPlatforms) = postSolution
		{D06F12D2-23CE-4491-931B-FEA18299CA8E}.Debug|Any CPU.ActiveCfg = Debug|x86
		{D06F12D2-23CE-4491-931B-FEA18299CA8E}.Debug|Any CPU.Build.0 = Debug|x86
		{D06F12D2-23CE-4491-931B-FEA18299CA8E}.Debug|Any CPU.Deploy.0 = Debug|x86
		{D06F12D2-23CE-4491-931B-FEA18299CA8E}.Debug|ARM.ActiveCfg = Debug|ARM
		{D06F12D2-23CE-4491-931B-FEA18299CA8E}.Debug|ARM.Build.0 = Debug|ARM
		{D06F12D2-23CE-4491-931B-FEA18299CA8E}.Debug|ARM.Deploy.0 = Debug|ARM
		{D06F12D2-23CE-4491-931B-FEA18299CA8E}.Debug|iPhone.ActiveCfg = Debug|x86
		{D06F12D2-23CE-4491-931B-FEA18299CA8E}.Debug|iPhone.Build.0 = Debug|x86
		{D06F12D2-23CE-4491-931B-FEA18299CA8E}.Debug|iPhone.Deploy.0 = Debug|x86
		{D06F12D2-23CE-4491-931B-FEA18299CA8E}.Debug|iPhoneSimulator.ActiveCfg = Debug|x86
		{D06F12D2-23CE-4491-931B-FEA18299CA8E}.Debug|iPhoneSimulator.Build.0 = Debug|x86
		{D06F12D2-23CE-4491-931B-FEA18299CA8E}.Debug|iPhoneSimulator.Deploy.0 = Debug|x86
		{D06F12D2-23CE-4491-931B-FEA18299CA8E}.Debug|x64.ActiveCfg = Debug|x64
		{D06F12D2-23CE-4491-931B-FEA18299CA8E}.Debug|x64.Build.0 = Debug|x64
		{D06F12D2-23CE-4491-931B-FEA18299CA8E}.Debug|x64.Deploy.0 = Debug|x64
		{D06F12D2-23CE-4491-931B-FEA18299CA8E}.Debug|x86.ActiveCfg = Debug|x86
		{D06F12D2-23CE-4491-931B-FEA18299CA8E}.Debug|x86.Build.0 = Debug|x86
		{D06F12D2-23CE-4491-931B-FEA18299CA8E}.Debug|x86.Deploy.0 = Debug|x86
		{D06F12D2-23CE-4491-931B-FEA18299CA8E}.Release|Any CPU.ActiveCfg = Release|x86
		{D06F12D2-23CE-4491-931B-FEA18299CA8E}.Release|Any CPU.Build.0 = Release|x86
		{D06F12D2-23CE-4491-931B-FEA18299CA8E}.Release|Any CPU.Deploy.0 = Release|x86
		{D06F12D2-23CE-4491-931B-FEA18299CA8E}.Release|ARM.ActiveCfg = Release|ARM
		{D06F12D2-23CE-4491-931B-FEA18299CA8E}.Release|ARM.Build.0 = Release|ARM
		{D06F12D2-23CE-4491-931B-FEA18299CA8E}.Release|ARM.Deploy.0 = Release|ARM
		{D06F12D2-23CE-4491-931B-FEA18299CA8E}.Release|iPhone.ActiveCfg = Release|x86
		{D06F12D2-23CE-4491-931B-FEA18299CA8E}.Release|iPhone.Build.0 = Release|x86
		{D06F12D2-23CE-4491-931B-FEA18299CA8E}.Release|iPhone.Deploy.0 = Release|x86
		{D06F12D2-23CE-4491-931B-FEA18299CA8E}.Release|iPhoneSimulator.ActiveCfg = Release|x86
		{D06F12D2-23CE-4491-931B-FEA18299CA8E}.Release|iPhoneSimulator.Build.0 = Release|x86
		{D06F12D2-23CE-4491-931B-FEA18299CA8E}.Release|iPhoneSimulator.Deploy.0 = Release|x86
		{D06F12D2-23CE-4491-931B-FEA18299CA8E}.Release|x64.ActiveCfg = Release|x64
		{D06F12D2-23CE-4491-931B-FEA18299CA8E}.Release|x64.Build.0 = Release|x64
		{D06F12D2-23CE-4491-931B-FEA18299CA8E}.Release|x64.Deploy.0 = Release|x64
		{D06F12D2-23CE-4491-931B-FEA18299CA8E}.Release|x86.ActiveCfg = Release|x86
		{D06F12D2-23CE-4491-931B-FEA18299CA8E}.Release|x86.Build.0 = Release|x86
		{D06F12D2-23CE-4491-931B-FEA18299CA8E}.Release|x86.Deploy.0 = Release|x86
		{54B14159-9935-419B-9FBF-1CE5BDAF545F}.Debug|Any CPU.ActiveCfg = Debug|Any CPU
		{54B14159-9935-419B-9FBF-1CE5BDAF545F}.Debug|Any CPU.Build.0 = Debug|Any CPU
		{54B14159-9935-419B-9FBF-1CE5BDAF545F}.Debug|Any CPU.Deploy.0 = Debug|Any CPU
		{54B14159-9935-419B-9FBF-1CE5BDAF545F}.Debug|ARM.ActiveCfg = Debug|Any CPU
		{54B14159-9935-419B-9FBF-1CE5BDAF545F}.Debug|ARM.Build.0 = Debug|Any CPU
		{54B14159-9935-419B-9FBF-1CE5BDAF545F}.Debug|ARM.Deploy.0 = Debug|Any CPU
		{54B14159-9935-419B-9FBF-1CE5BDAF545F}.Debug|iPhone.ActiveCfg = Debug|Any CPU
		{54B14159-9935-419B-9FBF-1CE5BDAF545F}.Debug|iPhone.Build.0 = Debug|Any CPU
		{54B14159-9935-419B-9FBF-1CE5BDAF545F}.Debug|iPhone.Deploy.0 = Debug|Any CPU
		{54B14159-9935-419B-9FBF-1CE5BDAF545F}.Debug|iPhoneSimulator.ActiveCfg = Debug|Any CPU
		{54B14159-9935-419B-9FBF-1CE5BDAF545F}.Debug|iPhoneSimulator.Build.0 = Debug|Any CPU
		{54B14159-9935-419B-9FBF-1CE5BDAF545F}.Debug|iPhoneSimulator.Deploy.0 = Debug|Any CPU
		{54B14159-9935-419B-9FBF-1CE5BDAF545F}.Debug|x64.ActiveCfg = Debug|Any CPU
		{54B14159-9935-419B-9FBF-1CE5BDAF545F}.Debug|x64.Build.0 = Debug|Any CPU
		{54B14159-9935-419B-9FBF-1CE5BDAF545F}.Debug|x64.Deploy.0 = Debug|Any CPU
		{54B14159-9935-419B-9FBF-1CE5BDAF545F}.Debug|x86.ActiveCfg = Debug|Any CPU
		{54B14159-9935-419B-9FBF-1CE5BDAF545F}.Debug|x86.Build.0 = Debug|Any CPU
		{54B14159-9935-419B-9FBF-1CE5BDAF545F}.Debug|x86.Deploy.0 = Debug|Any CPU
		{54B14159-9935-419B-9FBF-1CE5BDAF545F}.Release|Any CPU.ActiveCfg = Release|Any CPU
		{54B14159-9935-419B-9FBF-1CE5BDAF545F}.Release|Any CPU.Build.0 = Release|Any CPU
		{54B14159-9935-419B-9FBF-1CE5BDAF545F}.Release|Any CPU.Deploy.0 = Release|Any CPU
		{54B14159-9935-419B-9FBF-1CE5BDAF545F}.Release|ARM.ActiveCfg = Release|Any CPU
		{54B14159-9935-419B-9FBF-1CE5BDAF545F}.Release|ARM.Build.0 = Release|Any CPU
		{54B14159-9935-419B-9FBF-1CE5BDAF545F}.Release|ARM.Deploy.0 = Release|Any CPU
		{54B14159-9935-419B-9FBF-1CE5BDAF545F}.Release|iPhone.ActiveCfg = Release|Any CPU
		{54B14159-9935-419B-9FBF-1CE5BDAF545F}.Release|iPhone.Build.0 = Release|Any CPU
		{54B14159-9935-419B-9FBF-1CE5BDAF545F}.Release|iPhone.Deploy.0 = Release|Any CPU
		{54B14159-9935-419B-9FBF-1CE5BDAF545F}.Release|iPhoneSimulator.ActiveCfg = Release|Any CPU
		{54B14159-9935-419B-9FBF-1CE5BDAF545F}.Release|iPhoneSimulator.Build.0 = Release|Any CPU
		{54B14159-9935-419B-9FBF-1CE5BDAF545F}.Release|iPhoneSimulator.Deploy.0 = Release|Any CPU
		{54B14159-9935-419B-9FBF-1CE5BDAF545F}.Release|x64.ActiveCfg = Release|Any CPU
		{54B14159-9935-419B-9FBF-1CE5BDAF545F}.Release|x64.Build.0 = Release|Any CPU
		{54B14159-9935-419B-9FBF-1CE5BDAF545F}.Release|x64.Deploy.0 = Release|Any CPU
		{54B14159-9935-419B-9FBF-1CE5BDAF545F}.Release|x86.ActiveCfg = Release|Any CPU
		{54B14159-9935-419B-9FBF-1CE5BDAF545F}.Release|x86.Build.0 = Release|Any CPU
		{54B14159-9935-419B-9FBF-1CE5BDAF545F}.Release|x86.Deploy.0 = Release|Any CPU
		{2EB76EFC-5173-4906-A50B-1206BF3B2D73}.Debug|Any CPU.ActiveCfg = Debug|iPhone
		{2EB76EFC-5173-4906-A50B-1206BF3B2D73}.Debug|Any CPU.Build.0 = Debug|iPhone
		{2EB76EFC-5173-4906-A50B-1206BF3B2D73}.Debug|Any CPU.Deploy.0 = Debug|iPhone
		{2EB76EFC-5173-4906-A50B-1206BF3B2D73}.Debug|ARM.ActiveCfg = Debug|iPhoneSimulator
		{2EB76EFC-5173-4906-A50B-1206BF3B2D73}.Debug|ARM.Build.0 = Debug|iPhoneSimulator
		{2EB76EFC-5173-4906-A50B-1206BF3B2D73}.Debug|ARM.Deploy.0 = Debug|iPhoneSimulator
		{2EB76EFC-5173-4906-A50B-1206BF3B2D73}.Debug|iPhone.ActiveCfg = Debug|iPhone
		{2EB76EFC-5173-4906-A50B-1206BF3B2D73}.Debug|iPhone.Build.0 = Debug|iPhone
		{2EB76EFC-5173-4906-A50B-1206BF3B2D73}.Debug|iPhone.Deploy.0 = Debug|iPhone
		{2EB76EFC-5173-4906-A50B-1206BF3B2D73}.Debug|iPhoneSimulator.ActiveCfg = Debug|iPhoneSimulator
		{2EB76EFC-5173-4906-A50B-1206BF3B2D73}.Debug|iPhoneSimulator.Build.0 = Debug|iPhoneSimulator
		{2EB76EFC-5173-4906-A50B-1206BF3B2D73}.Debug|iPhoneSimulator.Deploy.0 = Debug|iPhoneSimulator
		{2EB76EFC-5173-4906-A50B-1206BF3B2D73}.Debug|x64.ActiveCfg = Debug|iPhone
		{2EB76EFC-5173-4906-A50B-1206BF3B2D73}.Debug|x64.Build.0 = Debug|iPhone
		{2EB76EFC-5173-4906-A50B-1206BF3B2D73}.Debug|x64.Deploy.0 = Debug|iPhone
		{2EB76EFC-5173-4906-A50B-1206BF3B2D73}.Debug|x86.ActiveCfg = Debug|iPhone
		{2EB76EFC-5173-4906-A50B-1206BF3B2D73}.Debug|x86.Build.0 = Debug|iPhone
		{2EB76EFC-5173-4906-A50B-1206BF3B2D73}.Debug|x86.Deploy.0 = Debug|iPhone
		{2EB76EFC-5173-4906-A50B-1206BF3B2D73}.Release|Any CPU.ActiveCfg = Release|iPhone
		{2EB76EFC-5173-4906-A50B-1206BF3B2D73}.Release|Any CPU.Build.0 = Release|iPhone
		{2EB76EFC-5173-4906-A50B-1206BF3B2D73}.Release|Any CPU.Deploy.0 = Release|iPhone
		{2EB76EFC-5173-4906-A50B-1206BF3B2D73}.Release|ARM.ActiveCfg = Release|iPhone
		{2EB76EFC-5173-4906-A50B-1206BF3B2D73}.Release|ARM.Build.0 = Release|iPhone
		{2EB76EFC-5173-4906-A50B-1206BF3B2D73}.Release|ARM.Deploy.0 = Release|iPhone
		{2EB76EFC-5173-4906-A50B-1206BF3B2D73}.Release|iPhone.ActiveCfg = Release|iPhone
		{2EB76EFC-5173-4906-A50B-1206BF3B2D73}.Release|iPhone.Build.0 = Release|iPhone
		{2EB76EFC-5173-4906-A50B-1206BF3B2D73}.Release|iPhone.Deploy.0 = Release|iPhone
		{2EB76EFC-5173-4906-A50B-1206BF3B2D73}.Release|iPhoneSimulator.ActiveCfg = Release|iPhoneSimulator
		{2EB76EFC-5173-4906-A50B-1206BF3B2D73}.Release|iPhoneSimulator.Build.0 = Release|iPhoneSimulator
		{2EB76EFC-5173-4906-A50B-1206BF3B2D73}.Release|iPhoneSimulator.Deploy.0 = Release|iPhoneSimulator
		{2EB76EFC-5173-4906-A50B-1206BF3B2D73}.Release|x64.ActiveCfg = Release|iPhone
		{2EB76EFC-5173-4906-A50B-1206BF3B2D73}.Release|x64.Build.0 = Release|iPhone
		{2EB76EFC-5173-4906-A50B-1206BF3B2D73}.Release|x64.Deploy.0 = Release|iPhone
		{2EB76EFC-5173-4906-A50B-1206BF3B2D73}.Release|x86.ActiveCfg = Release|iPhone
		{2EB76EFC-5173-4906-A50B-1206BF3B2D73}.Release|x86.Build.0 = Release|iPhone
		{2EB76EFC-5173-4906-A50B-1206BF3B2D73}.Release|x86.Deploy.0 = Release|iPhone
		{26D46159-59E8-4A67-9A9E-8B61B61D2350}.Debug|Any CPU.ActiveCfg = Debug|Any CPU
		{26D46159-59E8-4A67-9A9E-8B61B61D2350}.Debug|Any CPU.Build.0 = Debug|Any CPU
		{26D46159-59E8-4A67-9A9E-8B61B61D2350}.Debug|Any CPU.Deploy.0 = Debug|Any CPU
		{26D46159-59E8-4A67-9A9E-8B61B61D2350}.Debug|ARM.ActiveCfg = Debug|Any CPU
		{26D46159-59E8-4A67-9A9E-8B61B61D2350}.Debug|ARM.Build.0 = Debug|Any CPU
		{26D46159-59E8-4A67-9A9E-8B61B61D2350}.Debug|ARM.Deploy.0 = Debug|Any CPU
		{26D46159-59E8-4A67-9A9E-8B61B61D2350}.Debug|iPhone.ActiveCfg = Debug|Any CPU
		{26D46159-59E8-4A67-9A9E-8B61B61D2350}.Debug|iPhone.Build.0 = Debug|Any CPU
		{26D46159-59E8-4A67-9A9E-8B61B61D2350}.Debug|iPhone.Deploy.0 = Debug|Any CPU
		{26D46159-59E8-4A67-9A9E-8B61B61D2350}.Debug|iPhoneSimulator.ActiveCfg = Debug|Any CPU
		{26D46159-59E8-4A67-9A9E-8B61B61D2350}.Debug|iPhoneSimulator.Build.0 = Debug|Any CPU
		{26D46159-59E8-4A67-9A9E-8B61B61D2350}.Debug|iPhoneSimulator.Deploy.0 = Debug|Any CPU
		{26D46159-59E8-4A67-9A9E-8B61B61D2350}.Debug|x64.ActiveCfg = Debug|Any CPU
		{26D46159-59E8-4A67-9A9E-8B61B61D2350}.Debug|x64.Build.0 = Debug|Any CPU
		{26D46159-59E8-4A67-9A9E-8B61B61D2350}.Debug|x64.Deploy.0 = Debug|Any CPU
		{26D46159-59E8-4A67-9A9E-8B61B61D2350}.Debug|x86.ActiveCfg = Debug|Any CPU
		{26D46159-59E8-4A67-9A9E-8B61B61D2350}.Debug|x86.Build.0 = Debug|Any CPU
		{26D46159-59E8-4A67-9A9E-8B61B61D2350}.Debug|x86.Deploy.0 = Debug|Any CPU
		{26D46159-59E8-4A67-9A9E-8B61B61D2350}.Release|Any CPU.ActiveCfg = Release|Any CPU
		{26D46159-59E8-4A67-9A9E-8B61B61D2350}.Release|Any CPU.Build.0 = Release|Any CPU
		{26D46159-59E8-4A67-9A9E-8B61B61D2350}.Release|Any CPU.Deploy.0 = Release|Any CPU
		{26D46159-59E8-4A67-9A9E-8B61B61D2350}.Release|ARM.ActiveCfg = Release|Any CPU
		{26D46159-59E8-4A67-9A9E-8B61B61D2350}.Release|ARM.Build.0 = Release|Any CPU
		{26D46159-59E8-4A67-9A9E-8B61B61D2350}.Release|ARM.Deploy.0 = Release|Any CPU
		{26D46159-59E8-4A67-9A9E-8B61B61D2350}.Release|iPhone.ActiveCfg = Release|Any CPU
		{26D46159-59E8-4A67-9A9E-8B61B61D2350}.Release|iPhone.Build.0 = Release|Any CPU
		{26D46159-59E8-4A67-9A9E-8B61B61D2350}.Release|iPhone.Deploy.0 = Release|Any CPU
		{26D46159-59E8-4A67-9A9E-8B61B61D2350}.Release|iPhoneSimulator.ActiveCfg = Release|Any CPU
		{26D46159-59E8-4A67-9A9E-8B61B61D2350}.Release|iPhoneSimulator.Build.0 = Release|Any CPU
		{26D46159-59E8-4A67-9A9E-8B61B61D2350}.Release|iPhoneSimulator.Deploy.0 = Release|Any CPU
		{26D46159-59E8-4A67-9A9E-8B61B61D2350}.Release|x64.ActiveCfg = Release|Any CPU
		{26D46159-59E8-4A67-9A9E-8B61B61D2350}.Release|x64.Build.0 = Release|Any CPU
		{26D46159-59E8-4A67-9A9E-8B61B61D2350}.Release|x64.Deploy.0 = Release|Any CPU
		{26D46159-59E8-4A67-9A9E-8B61B61D2350}.Release|x86.ActiveCfg = Release|Any CPU
		{26D46159-59E8-4A67-9A9E-8B61B61D2350}.Release|x86.Build.0 = Release|Any CPU
		{26D46159-59E8-4A67-9A9E-8B61B61D2350}.Release|x86.Deploy.0 = Release|Any CPU
	EndGlobalSection
	GlobalSection(SolutionProperties) = preSolution
		HideSolutionNode = FALSE
	EndGlobalSection
	GlobalSection(ExtensibilityGlobals) = postSolution
		SolutionGuid = {67FB8339-429F-41E1-AFE3-DE8752151C5A}
	EndGlobalSection
EndGlobal
